# This file is automatically @generated by Cargo.
# It is not intended for manual editing.
version = 4

[[package]]
name = "cargo-stitch"
version = "0.1.0"
dependencies = [
 "terrors",
]

[[package]]
name = "terrors"
version = "0.3.3"
source = "registry+https://github.com/rust-lang/crates.io-index"
checksum = "987fd8c678ca950df2a18b2c6e9da6ca511d449278fab3565efe0d49c0c07a5d"
